
Microsoft Visual Studio Solution File, Format Version 12.00
# Visual Studio Version 16
VisualStudioVersion = 16.0.31729.503
MinimumVisualStudioVersion = 10.0.40219.1
Project("{FAE04EC0-301F-11D3-BF4B-00C04F79EFBC}") = "Application", "Application.csproj", "{50F9F540-708E-42B9-8995-04EC4447265A}"
EndProject
Global
	GlobalSection(SolutionConfigurationPlatforms) = preSolution
		Debug|Any CPU = Debug|Any CPU
		Release|Any CPU = Release|Any CPU
	EndGlobalSection
	GlobalSection(ProjectConfigurationPlatforms) = postSolution
		{50F9F540-708E-42B9-8995-04EC4447265A}.Debug|Any CPU.ActiveCfg = Debug|Any CPU
		{50F9F540-708E-42B9-8995-04EC4447265A}.Debug|Any CPU.Build.0 = Debug|Any CPU
		{50F9F540-708E-42B9-8995-04EC4447265A}.Release|Any CPU.ActiveCfg = Release|Any CPU
		{50F9F540-708E-42B9-8995-04EC4447265A}.Release|Any CPU.Build.0 = Release|Any CPU
	EndGlobalSection
	GlobalSection(SolutionProperties) = preSolution
		HideSolutionNode = FALSE
	EndGlobalSection
	GlobalSection(ExtensibilityGlobals) = postSolution
		SolutionGuid = {A379D56E-19A8-4583-BD5D-14A8969CF6ED}
	EndGlobalSection
EndGlobal
